
Microsoft Visual Studio Solution File, Format Version 12.00
Project("{FAE04EC0-301F-11D3-BF4B-00C04F79EFBC}") = "ToDo", "ToDo\ToDo.csproj", "{0AA24534-887F-4337-AA2D-1CD4E43A0060}"
EndProject
Global
	GlobalSection(SolutionConfigurationPlatforms) = preSolution
		Debug|Any CPU = Debug|Any CPU
		Release|Any CPU = Release|Any CPU
	EndGlobalSection
	GlobalSection(ProjectConfigurationPlatforms) = postSolution
		{0AA24534-887F-4337-AA2D-1CD4E43A0060}.Debug|Any CPU.ActiveCfg = Debug|Any CPU
		{0AA24534-887F-4337-AA2D-1CD4E43A0060}.Debug|Any CPU.Build.0 = Debug|Any CPU
		{0AA24534-887F-4337-AA2D-1CD4E43A0060}.Release|Any CPU.ActiveCfg = Release|Any CPU
		{0AA24534-887F-4337-AA2D-1CD4E43A0060}.Release|Any CPU.Build.0 = Release|Any CPU
	EndGlobalSection
EndGlobal
